
Microsoft Visual Studio Solution File, Format Version 12.00
# Visual Studio Version 17
VisualStudioVersion = 17.11.35327.3
MinimumVisualStudioVersion = 10.0.40219.1
Project("{FAE04EC0-301F-11D3-BF4B-00C04F79EFBC}") = "Assignments 3.1.2", "Assignments 3.1.2.csproj", "{6F529AEB-E4CA-4589-AF2A-C5C1857F0592}"
EndProject
Global
	GlobalSection(SolutionConfigurationPlatforms) = preSolution
		Debug|Any CPU = Debug|Any CPU
		Release|Any CPU = Release|Any CPU
	EndGlobalSection
	GlobalSection(ProjectConfigurationPlatforms) = postSolution
		{6F529AEB-E4CA-4589-AF2A-C5C1857F0592}.Debug|Any CPU.ActiveCfg = Debug|Any CPU
		{6F529AEB-E4CA-4589-AF2A-C5C1857F0592}.Debug|Any CPU.Build.0 = Debug|Any CPU
		{6F529AEB-E4CA-4589-AF2A-C5C1857F0592}.Release|Any CPU.ActiveCfg = Release|Any CPU
		{6F529AEB-E4CA-4589-AF2A-C5C1857F0592}.Release|Any CPU.Build.0 = Release|Any CPU
	EndGlobalSection
	GlobalSection(SolutionProperties) = preSolution
		HideSolutionNode = FALSE
	EndGlobalSection
	GlobalSection(ExtensibilityGlobals) = postSolution
		SolutionGuid = {BC04885A-5BA9-4675-9793-F8E23D1F06B1}
	EndGlobalSection
EndGlobal
